
Microsoft Visual Studio Solution File, Format Version 12.00
# Visual Studio Version 16
VisualStudioVersion = 16.0.29509.3
MinimumVisualStudioVersion = 10.0.40219.1
Project("{FAE04EC0-301F-11D3-BF4B-00C04F79EFBC}") = "Base_Form_Assignment4", "Base_Form_Assignment4\Base_Form_Assignment4.csproj", "{D495C469-DEF4-4648-A221-31A90C2C6595}"
EndProject
Project("{FAE04EC0-301F-11D3-BF4B-00C04F79EFBC}") = "Inherit_visual", "Inherit_visual\Inherit_visual.csproj", "{9B5F3E5A-A367-4FB7-832C-0EFB629D68F3}"
EndProject
Global
	GlobalSection(SolutionConfigurationPlatforms) = preSolution
		Debug|Any CPU = Debug|Any CPU
		Release|Any CPU = Release|Any CPU
	EndGlobalSection
	GlobalSection(ProjectConfigurationPlatforms) = postSolution
		{D495C469-DEF4-4648-A221-31A90C2C6595}.Debug|Any CPU.ActiveCfg = Debug|Any CPU
		{D495C469-DEF4-4648-A221-31A90C2C6595}.Debug|Any CPU.Build.0 = Debug|Any CPU
		{D495C469-DEF4-4648-A221-31A90C2C6595}.Release|Any CPU.ActiveCfg = Release|Any CPU
		{D495C469-DEF4-4648-A221-31A90C2C6595}.Release|Any CPU.Build.0 = Release|Any CPU
		{9B5F3E5A-A367-4FB7-832C-0EFB629D68F3}.Debug|Any CPU.ActiveCfg = Debug|Any CPU
		{9B5F3E5A-A367-4FB7-832C-0EFB629D68F3}.Debug|Any CPU.Build.0 = Debug|Any CPU
		{9B5F3E5A-A367-4FB7-832C-0EFB629D68F3}.Release|Any CPU.ActiveCfg = Release|Any CPU
		{9B5F3E5A-A367-4FB7-832C-0EFB629D68F3}.Release|Any CPU.Build.0 = Release|Any CPU
	EndGlobalSection
	GlobalSection(SolutionProperties) = preSolution
		HideSolutionNode = FALSE
	EndGlobalSection
	GlobalSection(ExtensibilityGlobals) = postSolution
		SolutionGuid = {089E3763-2641-453D-894B-84AE1BBF1558}
	EndGlobalSection
EndGlobal
